{
  "name": "codearcheology",
  "version": "1.0.0",
  "lockfileVersion": 3,
  "requires": true,
  "packages": {
    "": {
      "name": "codearcheology",
      "version": "1.0.0",
      "license": "ISC",
      "dependencies": {
        "commander": "^12.1.0"
      },
      "devDependencies": {
        "@genspark/cli": "^1.0.13"
      }
    },
    "node_modules/@genspark/cli": {
      "version": "1.0.13",
      "resolved": "https://registry.npmjs.org/@genspark/cli/-/cli-1.0.13.tgz",
      "integrity": "sha512-yJl6n+MpnbijhxqA1wg6UIzD8/ZRg6s2TG5s9FOBsQlMrwVExGkc4PjeCGaaN5LOF4olDd55lbbTgzqvtiz5Wg==",
      "dev": true,
      "license": "MIT",
      "dependencies": {
        "commander": "^12.1.0"
      },
      "bin": {
        "genspark": "dist/index.js",
        "gsk": "dist/index.js"
      },
      "engines": {
        "node": ">=18.0.0"
      }
    },
    "node_modules/commander": {
      "version": "12.1.0",
      "resolved": "https://registry.npmjs.org/commander/-/commander-12.1.0.tgz",
      "integrity": "sha512-Vw8qHK3bZM9y/P10u3Vib8o/DdkvA2OtPtZvD871QKjy74Wj1WSKFILMPRPSdUSx5RFK1arlJzEtA4PkFgnbuA==",
      "license": "MIT",
      "engines": {
        "node": ">=18"
      }
    }
  }
}
